
Microsoft Visual Studio Solution File, Format Version 12.00
# Visual Studio Version 16
VisualStudioVersion = 16.0.30907.101
MinimumVisualStudioVersion = 10.0.40219.1
Project("{FAE04EC0-301F-11D3-BF4B-00C04F79EFBC}") = "videoprogram", "videoprogram\videoprogram.csproj", "{0D88D1C6-306C-4488-88D9-7AC0F7B39B08}"
EndProject
Global
	GlobalSection(SolutionConfigurationPlatforms) = preSolution
		Debug|Any CPU = Debug|Any CPU
		Release|Any CPU = Release|Any CPU
	EndGlobalSection
	GlobalSection(ProjectConfigurationPlatforms) = postSolution
		{0D88D1C6-306C-4488-88D9-7AC0F7B39B08}.Debug|Any CPU.ActiveCfg = Debug|Any CPU
		{0D88D1C6-306C-4488-88D9-7AC0F7B39B08}.Debug|Any CPU.Build.0 = Debug|Any CPU
		{0D88D1C6-306C-4488-88D9-7AC0F7B39B08}.Release|Any CPU.ActiveCfg = Release|Any CPU
		{0D88D1C6-306C-4488-88D9-7AC0F7B39B08}.Release|Any CPU.Build.0 = Release|Any CPU
	EndGlobalSection
	GlobalSection(SolutionProperties) = preSolution
		HideSolutionNode = FALSE
	EndGlobalSection
	GlobalSection(ExtensibilityGlobals) = postSolution
		SolutionGuid = {3B011381-65F2-4ABA-A124-FD8C50142061}
	EndGlobalSection
EndGlobal
